
Microsoft Visual Studio Solution File, Format Version 12.00
# Visual Studio Version 16
VisualStudioVersion = 16.0.29613.14
MinimumVisualStudioVersion = 10.0.40219.1
Project("{FAE04EC0-301F-11D3-BF4B-00C04F79EFBC}") = "Blood", "Blood\Blood.csproj", "{80F5BE9C-22B3-4C82-8FEB-A073ACD96051}"
EndProject
Global
	GlobalSection(SolutionConfigurationPlatforms) = preSolution
		Debug|Any CPU = Debug|Any CPU
		Release|Any CPU = Release|Any CPU
	EndGlobalSection
	GlobalSection(ProjectConfigurationPlatforms) = postSolution
		{80F5BE9C-22B3-4C82-8FEB-A073ACD96051}.Debug|Any CPU.ActiveCfg = Debug|Any CPU
		{80F5BE9C-22B3-4C82-8FEB-A073ACD96051}.Debug|Any CPU.Build.0 = Debug|Any CPU
		{80F5BE9C-22B3-4C82-8FEB-A073ACD96051}.Release|Any CPU.ActiveCfg = Release|Any CPU
		{80F5BE9C-22B3-4C82-8FEB-A073ACD96051}.Release|Any CPU.Build.0 = Release|Any CPU
	EndGlobalSection
	GlobalSection(SolutionProperties) = preSolution
		HideSolutionNode = FALSE
	EndGlobalSection
	GlobalSection(ExtensibilityGlobals) = postSolution
		SolutionGuid = {A2583BF3-3A54-46E0-87A4-34A295730E45}
	EndGlobalSection
EndGlobal
